// !$*UTF8*$!
{
	archiveVersion = 1;
	classes = {
	};
	objectVersion = 46;
	objects = {

/* Begin PBXBuildFile section */
		A57A99BC1A6FAE3C0096124A /* main.cpp in Sources */ = {isa = PBXBuildFile; fileRef = A57A99BB1A6FAE3C0096124A /* main.cpp */; };
		A57A99E21A6FD0FE0096124A /* PHVector.c in Sources */ = {isa = PBXBuildFile; fileRef = A57A99E11A6FD0FE0096124A /* PHVector.c */; };
/* End PBXBuildFile section */

/* Begin PBXCopyFilesBuildPhase section */
		A57A99B61A6FAE3C0096124A /* CopyFiles */ = {
			isa = PBXCopyFilesBuildPhase;
			buildActionMask = 2147483647;
			dstPath = /usr/share/man/man1/;
			dstSubfolderSpec = 0;
			files = (
			);
			runOnlyForDeploymentPostprocessing = 1;
		};
/* End PBXCopyFilesBuildPhase section */

/* Begin PBXFileReference section */
		A57A99B81A6FAE3C0096124A /* GamePhysics */ = {isa = PBXFileReference; explicitFileType = "compiled.mach-o.executable"; includeInIndex = 0; path = GamePhysics; sourceTree = BUILT_PRODUCTS_DIR; };
		A57A99BB1A6FAE3C0096124A /* main.cpp */ = {isa = PBXFileReference; lastKnownFileType = sourcecode.cpp.cpp; path = main.cpp; sourceTree = "<group>"; };
		A57A99DD1A6FCEBD0096124A /* PHVector.h */ = {isa = PBXFileReference; fileEncoding = 4; lastKnownFileType = sourcecode.c.h; path = PHVector.h; sourceTree = "<group>"; };
		A57A99E11A6FD0FE0096124A /* PHVector.c */ = {isa = PBXFileReference; fileEncoding = 4; lastKnownFileType = sourcecode.c.c; path = PHVector.c; sourceTree = "<group>"; };
/* End PBXFileReference section */

/* Begin PBXFrameworksBuildPhase section */
		A57A99B51A6FAE3C0096124A /* Frameworks */ = {
			isa = PBXFrameworksBuildPhase;
			buildActionMask = 2147483647;
			files = (
			);
			runOnlyForDeploymentPostprocessing = 0;
		};
/* End PBXFrameworksBuildPhase section */

/* Begin PBXGroup section */
		A57A99AF1A6FAE3C0096124A = {
			isa = PBXGroup;
			children = (
				A57A99BA1A6FAE3C0096124A /* GamePhysics */,
				A57A99B91A6FAE3C0096124A /* Products */,
			);
			sourceTree = "<group>";
		};
		A57A99B91A6FAE3C0096124A /* Products */ = {
			isa = PBXGroup;
			children = (
				A57A99B81A6FAE3C0096124A /* GamePhysics */,
			);
			name = Products;
			sourceTree = "<group>";
		};
		A57A99BA1A6FAE3C0096124A /* GamePhysics */ = {
			isa = PBXGroup;
			children = (
				A57A99DB1A6FCEBD0096124A /* PhysicsLib */,
				A57A99BB1A6FAE3C0096124A /* main.cpp */,
			);
			path = GamePhysics;
			sourceTree = "<group>";
		};
		A57A99DB1A6FCEBD0096124A /* PhysicsLib */ = {
			isa = PBXGroup;
			children = (
				A57A99DD1A6FCEBD0096124A /* PHVector.h */,
				A57A99E11A6FD0FE0096124A /* PHVector.c */,
			);
			path = PhysicsLib;
			sourceTree = "<group>";
		};
/* End PBXGroup section */

/* Begin PBXNativeTarget section */
		A57A99B71A6FAE3C0096124A /* GamePhysics */ = {
			isa = PBXNativeTarget;
			buildConfigurationList = A57A99BF1A6FAE3C0096124A /* Build configuration list for PBXNativeTarget "GamePhysics" */;
			buildPhases = (
				A57A99B41A6FAE3C0096124A /* Sources */,
				A57A99B51A6FAE3C0096124A /* Frameworks */,
				A57A99B61A6FAE3C0096124A /* CopyFiles */,
			);
			buildRules = (
			);
			dependencies = (
			);
			name = GamePhysics;
			productName = GamePhysics;
			productReference = A57A99B81A6FAE3C0096124A /* GamePhysics */;
			productType = "com.apple.product-type.tool";
		};
/* End PBXNativeTarget section */

/* Begin PBXProject section */
		A57A99B01A6FAE3C0096124A /* Project object */ = {
			isa = PBXProject;
			attributes = {
				LastUpgradeCheck = 0610;
				ORGANIZATIONNAME = Sergey;
				TargetAttributes = {
					A57A99B71A6FAE3C0096124A = {
						CreatedOnToolsVersion = 6.1;
					};
				};
			};
			buildConfigurationList = A57A99B31A6FAE3C0096124A /* Build configuration list for PBXProject "GamePhysics" */;
			compatibilityVersion = "Xcode 3.2";
			developmentRegion = English;
			hasScannedForEncodings = 0;
			knownRegions = (
				en,
			);
			mainGroup = A57A99AF1A6FAE3C0096124A;
			productRefGroup = A57A99B91A6FAE3C0096124A /* Products */;
			projectDirPath = "";
			projectRoot = "";
			targets = (
				A57A99B71A6FAE3C0096124A /* GamePhysics */,
			);
		};
/* End PBXProject section */

/* Begin PBXSourcesBuildPhase section */
		A57A99B41A6FAE3C0096124A /* Sources */ = {
			isa = PBXSourcesBuildPhase;
			buildActionMask = 2147483647;
			files = (
				A57A99E21A6FD0FE0096124A /* PHVector.c in Sources */,
				A57A99BC1A6FAE3C0096124A /* main.cpp in Sources */,
			);
			runOnlyForDeploymentPostprocessing = 0;
		};
/* End PBXSourcesBuildPhase section */

/* Begin XCBuildConfiguration section */
		A57A99BD1A6FAE3C0096124A /* Debug */ = {
			isa = XCBuildConfiguration;
			buildSettings = {
				ALWAYS_SEARCH_USER_PATHS = YES;
				CLANG_CXX_LANGUAGE_STANDARD = "gnu++0x";
				CLANG_CXX_LIBRARY = "libc++";
				CLANG_ENABLE_MODULES = YES;
				CLANG_ENABLE_OBJC_ARC = YES;
				CLANG_WARN_BOOL_CONVERSION = YES;
				CLANG_WARN_CONSTANT_CONVERSION = YES;
				CLANG_WARN_DIRECT_OBJC_ISA_USAGE = YES_ERROR;
				CLANG_WARN_EMPTY_BODY = YES;
				CLANG_WARN_ENUM_CONVERSION = YES;
				CLANG_WARN_INT_CONVERSION = YES;
				CLANG_WARN_OBJC_ROOT_CLASS = YES_ERROR;
				CLANG_WARN_UNREACHABLE_CODE = YES;
				CLANG_WARN__DUPLICATE_METHOD_MATCH = YES;
				COPY_PHASE_STRIP = NO;
				ENABLE_STRICT_OBJC_MSGSEND = YES;
				GCC_C_LANGUAGE_STANDARD = gnu99;
				GCC_DYNAMIC_NO_PIC = NO;
				GCC_OPTIMIZATION_LEVEL = 0;
				GCC_PREPROCESSOR_DEFINITIONS = (
					"DEBUG=1",
					"$(inherited)",
				);
				GCC_SYMBOLS_PRIVATE_EXTERN = NO;
				GCC_WARN_64_TO_32_BIT_CONVERSION = YES;
				GCC_WARN_ABOUT_RETURN_TYPE = YES_ERROR;
				GCC_WARN_UNDECLARED_SELECTOR = YES;
				GCC_WARN_UNINITIALIZED_AUTOS = YES_AGGRESSIVE;
				GCC_WARN_UNUSED_FUNCTION = YES;
				GCC_WARN_UNUSED_VARIABLE = YES;
				MACOSX_DEPLOYMENT_TARGET = 10.10;
				MTL_ENABLE_DEBUG_INFO = YES;
				ONLY_ACTIVE_ARCH = YES;
				SDKROOT = macosx;
			};
			name = Debug;
		};
		A57A99BE1A6FAE3C0096124A /* Release */ = {
			isa = XCBuildConfiguration;
			buildSettings = {
				ALWAYS_SEARCH_USER_PATHS = YES;
				CLANG_CXX_LANGUAGE_STANDARD = "gnu++0x";
				CLANG_CXX_LIBRARY = "libc++";
				CLANG_ENABLE_MODULES = YES;
				CLANG_ENABLE_OBJC_ARC = YES;
				CLANG_WARN_BOOL_CONVERSION = YES;
				CLANG_WARN_CONSTANT_CONVERSION = YES;
				CLANG_WARN_DIRECT_OBJC_ISA_USAGE = YES_ERROR;
				CLANG_WARN_EMPTY_BODY = YES;
				CLANG_WARN_ENUM_CONVERSION = YES;
				CLANG_WARN_INT_CONVERSION = YES;
				CLANG_WARN_OBJC_ROOT_CLASS = YES_ERROR;
				CLANG_WARN_UNREACHABLE_CODE = YES;
				CLANG_WARN__DUPLICATE_METHOD_MATCH = YES;
				COPY_PHASE_STRIP = YES;
				DEBUG_INFORMATION_FORMAT = "dwarf-with-dsym";
				ENABLE_NS_ASSERTIONS = NO;
				ENABLE_STRICT_OBJC_MSGSEND = YES;
				GCC_C_LANGUAGE_STANDARD = gnu99;
				GCC_WARN_64_TO_32_BIT_CONVERSION = YES;
				GCC_WARN_ABOUT_RETURN_TYPE = YES_ERROR;
				GCC_WARN_UNDECLARED_SELECTOR = YES;
				GCC_WARN_UNINITIALIZED_AUTOS = YES_AGGRESSIVE;
				GCC_WARN_UNUSED_FUNCTION = YES;
				GCC_WARN_UNUSED_VARIABLE = YES;
				MACOSX_DEPLOYMENT_TARGET = 10.10;
				MTL_ENABLE_DEBUG_INFO = NO;
				SDKROOT = macosx;
			};
			name = Release;
		};
		A57A99C01A6FAE3C0096124A /* Debug */ = {
			isa = XCBuildConfiguration;
			buildSettings = {
				PRODUCT_NAME = "$(TARGET_NAME)";
			};
			name = Debug;
		};
		A57A99C11A6FAE3C0096124A /* Release */ = {
			isa = XCBuildConfiguration;
			buildSettings = {
				PRODUCT_NAME = "$(TARGET_NAME)";
			};
			name = Release;
		};
/* End XCBuildConfiguration section */

/* Begin XCConfigurationList section */
		A57A99B31A6FAE3C0096124A /* Build configuration list for PBXProject "GamePhysics" */ = {
			isa = XCConfigurationList;
			buildConfigurations = (
				A57A99BD1A6FAE3C0096124A /* Debug */,
				A57A99BE1A6FAE3C0096124A /* Release */,
			);
			defaultConfigurationIsVisible = 0;
			defaultConfigurationName = Release;
		};
		A57A99BF1A6FAE3C0096124A /* Build configuration list for PBXNativeTarget "GamePhysics" */ = {
			isa = XCConfigurationList;
			buildConfigurations = (
				A57A99C01A6FAE3C0096124A /* Debug */,
				A57A99C11A6FAE3C0096124A /* Release */,
			);
			defaultConfigurationIsVisible = 0;
			defaultConfigurationName = Release;
		};
/* End XCConfigurationList section */
	};
	rootObject = A57A99B01A6FAE3C0096124A /* Project object */;
}
